
Microsoft Visual Studio Solution File, Format Version 12.00
# Visual Studio 2012
Project("{2150E333-8FDC-42A3-9474-1A3956D46DE8}") = "Crosscutting", "Crosscutting", "{EBCA5824-F987-487D-A9FA-4D9604C77E62}"
EndProject
Project("{2150E333-8FDC-42A3-9474-1A3956D46DE8}") = "Server", "Server", "{6CED5A60-00E4-4D11-AFA2-4879335DC25A}"
EndProject
Project("{2150E333-8FDC-42A3-9474-1A3956D46DE8}") = "L1.Infrastructure", "L1.Infrastructure", "{D3E98827-43E8-438B-91E4-6701F7BBD355}"
EndProject
Project("{2150E333-8FDC-42A3-9474-1A3956D46DE8}") = "L3.Logikschicht", "L3.Logikschicht", "{9965D0C5-51B8-42CE-B864-6C4E3E70EF60}"
EndProject
Project("{2150E333-8FDC-42A3-9474-1A3956D46DE8}") = "L2.Datenzugriffschicht", "L2.Datenzugriffschicht", "{1AC2BCDA-BD25-453D-B397-15EE55F7EA37}"
EndProject
Project("{2150E333-8FDC-42A3-9474-1A3956D46DE8}") = "L5.Dienstserver", "L5.Dienstserver", "{D9EFC75A-C322-46A8-9037-74DEA5B619BB}"
EndProject
Project("{2150E333-8FDC-42A3-9474-1A3956D46DE8}") = "L4.Dienste", "L4.Dienste", "{EED72397-98E9-451A-AD19-9A562D653B23}"
EndProject
Project("{FAE04EC0-301F-11D3-BF4B-00C04F79EFBC}") = "Logging", "CrossCutting\Logging\Logging.csproj", "{A252A476-0383-4C3F-A47F-6D0A4E25CED5}"
EndProject
Project("{FAE04EC0-301F-11D3-BF4B-00C04F79EFBC}") = "Logging.Contracts", "CrossCutting\Logging.Contracts\Logging.Contracts.csproj", "{2DA3231C-63E6-4DA1-94C0-8F01E6D9EF3C}"
EndProject
Project("{FAE04EC0-301F-11D3-BF4B-00C04F79EFBC}") = "Mietmaschinendatenbank_DataClasses", "CrossCutting\Mietmaschinendatenbank_DataClasses\Mietmaschinendatenbank_DataClasses.csproj", "{2364E52E-6FD6-4938-ACD4-087D58FAD5C3}"
EndProject
Project("{FAE04EC0-301F-11D3-BF4B-00C04F79EFBC}") = "Mietmaterialdatenbankzugriffsschicht", "Server\L2_Datenzugriffsschicht\Datenzugriffsschicht\Mietmaterialdatenbankzugriffsschicht.csproj", "{59CE6E6C-9EB3-4FDB-B0C9-6276DE3DD360}"
EndProject
Project("{2150E333-8FDC-42A3-9474-1A3956D46DE8}") = "Client", "Client", "{3EB5B62E-78AA-4620-AB65-92EB2C67F7C4}"
EndProject
Project("{2150E333-8FDC-42A3-9474-1A3956D46DE8}") = "L1.Infrastructure", "L1.Infrastructure", "{2F797964-681B-4BEA-AE4A-E90BB57E0056}"
EndProject
Project("{2150E333-8FDC-42A3-9474-1A3956D46DE8}") = "L2.Proxy", "L2.Proxy", "{94F60353-03B6-4E5B-ADC6-8E818514E8E0}"
EndProject
Project("{FAE04EC0-301F-11D3-BF4B-00C04F79EFBC}") = "Dienste", "Server\L4_Dienste\Dienste\Dienste.csproj", "{6A880F25-5241-4D75-BBA4-01367353F8D9}"
EndProject
Project("{FAE04EC0-301F-11D3-BF4B-00C04F79EFBC}") = "Dienste.Contracts", "Server\L4_Dienste\Dienste.Contracts\Dienste.Contracts.csproj", "{6306F2DD-AA2E-4F08-8335-7CC9B5E6E735}"
EndProject
Project("{FAE04EC0-301F-11D3-BF4B-00C04F79EFBC}") = "CrosscuttingTestClient", "CrossCutting\TestClient\CrosscuttingTestClient.csproj", "{7567D999-D447-48B8-B710-A5EF1F80A757}"
EndProject
Project("{FAE04EC0-301F-11D3-BF4B-00C04F79EFBC}") = "DepenendencyInjection", "Client\L1.Infrastructure\DepenendencyInjection\DepenendencyInjection.csproj", "{D668A0CC-094F-428C-A08B-E20B55E7D5B5}"
EndProject
Project("{FAE04EC0-301F-11D3-BF4B-00C04F79EFBC}") = "Mietmaschienenservice_Dienstproxy", "Client\L2.Proxy\Mietmaschienenservice_Dienstproxy\Mietmaschienenservice_Dienstproxy.csproj", "{C8A01EBF-41D2-4A2E-B135-64756FB356A1}"
	ProjectSection(ProjectDependencies) = postProject
		{405514D7-707B-4C97-AE3B-D6A7244C08AA} = {405514D7-707B-4C97-AE3B-D6A7244C08AA}
	EndProjectSection
EndProject
Project("{FAE04EC0-301F-11D3-BF4B-00C04F79EFBC}") = "Logikschicht.Contracts", "Server\L3_Logikschicht\Logikschicht.Contracts\Logikschicht.Contracts.csproj", "{4157ED83-765A-48CD-B0FE-1068212EA9F9}"
EndProject
Project("{FAE04EC0-301F-11D3-BF4B-00C04F79EFBC}") = "Logikschicht", "Server\L3_Logikschicht\Vermitmanager\Logikschicht.csproj", "{94AC8D2A-DAB7-48F3-A1C4-396EB54F45EC}"
EndProject
Project("{F088123C-0E9E-452A-89E6-6BA2F21D5CAC}") = "Server.Models", "Server\Server.Layerdiagram\Server.Models.modelproj", "{AA96EA9B-33F9-4569-8A7D-5662696B091D}"
EndProject
Project("{FAE04EC0-301F-11D3-BF4B-00C04F79EFBC}") = "Mietmaterialdatenbankzugriffsschicht.Contracts", "Server\L2_Datenzugriffsschicht\Mietmaterialdatenbankzugriffsschicht.Contracts\Mietmaterialdatenbankzugriffsschicht.Contracts.csproj", "{BE23AA33-83A0-4306-B3D1-0B131FDA5FD8}"
EndProject
Project("{FAE04EC0-301F-11D3-BF4B-00C04F79EFBC}") = "MietmaterialdatenbankKlassen", "CrossCutting\MietmaterialdatenbankKlassen\MietmaterialdatenbankKlassen.csproj", "{66BE3AE7-A508-4730-979D-708216E998CB}"
EndProject
Project("{FAE04EC0-301F-11D3-BF4B-00C04F79EFBC}") = "DepenendencyInjection", "Server\L1_Infrastructure\DepenendencyInjection\DepenendencyInjection.csproj", "{E215D531-C3C7-4C89-BAF5-F67F5FBB477E}"
EndProject
Project("{2150E333-8FDC-42A3-9474-1A3956D46DE8}") = "L3.Dienstclient", "L3.Dienstclient", "{490B96DC-9708-44FD-B044-A4706408D2F5}"
EndProject
Project("{2150E333-8FDC-42A3-9474-1A3956D46DE8}") = "ConsolenClient", "ConsolenClient", "{F8B405C7-AEF2-4CD7-A45E-F1E6BB999E8E}"
EndProject
Project("{FAE04EC0-301F-11D3-BF4B-00C04F79EFBC}") = "Dienste.Shared.Contracts", "CrossCutting\Dienste.Shared.Contracts\Dienste.Shared.Contracts.csproj", "{E9FA65F2-E203-4631-8BD0-FBE0341FED3E}"
EndProject
Project("{FAE04EC0-301F-11D3-BF4B-00C04F79EFBC}") = "WcfNinjectBaumaschinenmietService", "Server\L5_Dienstserver\WcfNinjectBaumaschinenmietService\WcfNinjectBaumaschinenmietService.csproj", "{405514D7-707B-4C97-AE3B-D6A7244C08AA}"
EndProject
Project("{2150E333-8FDC-42A3-9474-1A3956D46DE8}") = "mvvmClient", "mvvmClient", "{5C996F8A-F93C-4AF1-9715-E3433FFCD3B8}"
EndProject
Project("{FAE04EC0-301F-11D3-BF4B-00C04F79EFBC}") = "Client.L3.Dienstclient.ConsolenClient", "Client\L3.Dienstclient.ConsolenClient\ConsoleClient\Client.L3.Dienstclient.ConsolenClient.csproj", "{7E7F93A1-D843-4C37-A88E-852BFF4E669C}"
EndProject
Project("{FAE04EC0-301F-11D3-BF4B-00C04F79EFBC}") = "mvvmClient", "Client\L3.Dienstclient.ConsolenClient\mvvmClient\mvvmClient.csproj", "{94EA4237-FEE1-489A-A008-DC8B9EE87E29}"
	ProjectSection(ProjectDependencies) = postProject
		{405514D7-707B-4C97-AE3B-D6A7244C08AA} = {405514D7-707B-4C97-AE3B-D6A7244C08AA}
	EndProjectSection
EndProject
Global
	GlobalSection(SolutionConfigurationPlatforms) = preSolution
		Debug|Any CPU = Debug|Any CPU
		Release|Any CPU = Release|Any CPU
	EndGlobalSection
	GlobalSection(ProjectConfigurationPlatforms) = postSolution
		{A252A476-0383-4C3F-A47F-6D0A4E25CED5}.Debug|Any CPU.ActiveCfg = Debug|Any CPU
		{A252A476-0383-4C3F-A47F-6D0A4E25CED5}.Debug|Any CPU.Build.0 = Debug|Any CPU
		{A252A476-0383-4C3F-A47F-6D0A4E25CED5}.Release|Any CPU.ActiveCfg = Release|Any CPU
		{A252A476-0383-4C3F-A47F-6D0A4E25CED5}.Release|Any CPU.Build.0 = Release|Any CPU
		{2DA3231C-63E6-4DA1-94C0-8F01E6D9EF3C}.Debug|Any CPU.ActiveCfg = Debug|Any CPU
		{2DA3231C-63E6-4DA1-94C0-8F01E6D9EF3C}.Debug|Any CPU.Build.0 = Debug|Any CPU
		{2DA3231C-63E6-4DA1-94C0-8F01E6D9EF3C}.Release|Any CPU.ActiveCfg = Release|Any CPU
		{2DA3231C-63E6-4DA1-94C0-8F01E6D9EF3C}.Release|Any CPU.Build.0 = Release|Any CPU
		{2364E52E-6FD6-4938-ACD4-087D58FAD5C3}.Debug|Any CPU.ActiveCfg = Debug|Any CPU
		{2364E52E-6FD6-4938-ACD4-087D58FAD5C3}.Debug|Any CPU.Build.0 = Debug|Any CPU
		{2364E52E-6FD6-4938-ACD4-087D58FAD5C3}.Release|Any CPU.ActiveCfg = Release|Any CPU
		{2364E52E-6FD6-4938-ACD4-087D58FAD5C3}.Release|Any CPU.Build.0 = Release|Any CPU
		{59CE6E6C-9EB3-4FDB-B0C9-6276DE3DD360}.Debug|Any CPU.ActiveCfg = Debug|Any CPU
		{59CE6E6C-9EB3-4FDB-B0C9-6276DE3DD360}.Debug|Any CPU.Build.0 = Debug|Any CPU
		{59CE6E6C-9EB3-4FDB-B0C9-6276DE3DD360}.Release|Any CPU.ActiveCfg = Release|Any CPU
		{59CE6E6C-9EB3-4FDB-B0C9-6276DE3DD360}.Release|Any CPU.Build.0 = Release|Any CPU
		{6A880F25-5241-4D75-BBA4-01367353F8D9}.Debug|Any CPU.ActiveCfg = Debug|Any CPU
		{6A880F25-5241-4D75-BBA4-01367353F8D9}.Debug|Any CPU.Build.0 = Debug|Any CPU
		{6A880F25-5241-4D75-BBA4-01367353F8D9}.Release|Any CPU.ActiveCfg = Release|Any CPU
		{6A880F25-5241-4D75-BBA4-01367353F8D9}.Release|Any CPU.Build.0 = Release|Any CPU
		{6306F2DD-AA2E-4F08-8335-7CC9B5E6E735}.Debug|Any CPU.ActiveCfg = Debug|Any CPU
		{6306F2DD-AA2E-4F08-8335-7CC9B5E6E735}.Debug|Any CPU.Build.0 = Debug|Any CPU
		{6306F2DD-AA2E-4F08-8335-7CC9B5E6E735}.Release|Any CPU.ActiveCfg = Release|Any CPU
		{6306F2DD-AA2E-4F08-8335-7CC9B5E6E735}.Release|Any CPU.Build.0 = Release|Any CPU
		{7567D999-D447-48B8-B710-A5EF1F80A757}.Debug|Any CPU.ActiveCfg = Debug|Any CPU
		{7567D999-D447-48B8-B710-A5EF1F80A757}.Debug|Any CPU.Build.0 = Debug|Any CPU
		{7567D999-D447-48B8-B710-A5EF1F80A757}.Release|Any CPU.ActiveCfg = Release|Any CPU
		{7567D999-D447-48B8-B710-A5EF1F80A757}.Release|Any CPU.Build.0 = Release|Any CPU
		{D668A0CC-094F-428C-A08B-E20B55E7D5B5}.Debug|Any CPU.ActiveCfg = Debug|Any CPU
		{D668A0CC-094F-428C-A08B-E20B55E7D5B5}.Debug|Any CPU.Build.0 = Debug|Any CPU
		{D668A0CC-094F-428C-A08B-E20B55E7D5B5}.Release|Any CPU.ActiveCfg = Release|Any CPU
		{D668A0CC-094F-428C-A08B-E20B55E7D5B5}.Release|Any CPU.Build.0 = Release|Any CPU
		{C8A01EBF-41D2-4A2E-B135-64756FB356A1}.Debug|Any CPU.ActiveCfg = Debug|Any CPU
		{C8A01EBF-41D2-4A2E-B135-64756FB356A1}.Debug|Any CPU.Build.0 = Debug|Any CPU
		{C8A01EBF-41D2-4A2E-B135-64756FB356A1}.Release|Any CPU.ActiveCfg = Release|Any CPU
		{C8A01EBF-41D2-4A2E-B135-64756FB356A1}.Release|Any CPU.Build.0 = Release|Any CPU
		{4157ED83-765A-48CD-B0FE-1068212EA9F9}.Debug|Any CPU.ActiveCfg = Debug|Any CPU
		{4157ED83-765A-48CD-B0FE-1068212EA9F9}.Debug|Any CPU.Build.0 = Debug|Any CPU
		{4157ED83-765A-48CD-B0FE-1068212EA9F9}.Release|Any CPU.ActiveCfg = Release|Any CPU
		{4157ED83-765A-48CD-B0FE-1068212EA9F9}.Release|Any CPU.Build.0 = Release|Any CPU
		{94AC8D2A-DAB7-48F3-A1C4-396EB54F45EC}.Debug|Any CPU.ActiveCfg = Debug|Any CPU
		{94AC8D2A-DAB7-48F3-A1C4-396EB54F45EC}.Debug|Any CPU.Build.0 = Debug|Any CPU
		{94AC8D2A-DAB7-48F3-A1C4-396EB54F45EC}.Release|Any CPU.ActiveCfg = Release|Any CPU
		{94AC8D2A-DAB7-48F3-A1C4-396EB54F45EC}.Release|Any CPU.Build.0 = Release|Any CPU
		{AA96EA9B-33F9-4569-8A7D-5662696B091D}.Debug|Any CPU.ActiveCfg = Debug|Any CPU
		{AA96EA9B-33F9-4569-8A7D-5662696B091D}.Debug|Any CPU.Build.0 = Debug|Any CPU
		{AA96EA9B-33F9-4569-8A7D-5662696B091D}.Release|Any CPU.ActiveCfg = Release|Any CPU
		{AA96EA9B-33F9-4569-8A7D-5662696B091D}.Release|Any CPU.Build.0 = Release|Any CPU
		{BE23AA33-83A0-4306-B3D1-0B131FDA5FD8}.Debug|Any CPU.ActiveCfg = Debug|Any CPU
		{BE23AA33-83A0-4306-B3D1-0B131FDA5FD8}.Debug|Any CPU.Build.0 = Debug|Any CPU
		{BE23AA33-83A0-4306-B3D1-0B131FDA5FD8}.Release|Any CPU.ActiveCfg = Release|Any CPU
		{BE23AA33-83A0-4306-B3D1-0B131FDA5FD8}.Release|Any CPU.Build.0 = Release|Any CPU
		{66BE3AE7-A508-4730-979D-708216E998CB}.Debug|Any CPU.ActiveCfg = Debug|Any CPU
		{66BE3AE7-A508-4730-979D-708216E998CB}.Debug|Any CPU.Build.0 = Debug|Any CPU
		{66BE3AE7-A508-4730-979D-708216E998CB}.Release|Any CPU.ActiveCfg = Release|Any CPU
		{66BE3AE7-A508-4730-979D-708216E998CB}.Release|Any CPU.Build.0 = Release|Any CPU
		{E215D531-C3C7-4C89-BAF5-F67F5FBB477E}.Debug|Any CPU.ActiveCfg = Debug|Any CPU
		{E215D531-C3C7-4C89-BAF5-F67F5FBB477E}.Debug|Any CPU.Build.0 = Debug|Any CPU
		{E215D531-C3C7-4C89-BAF5-F67F5FBB477E}.Release|Any CPU.ActiveCfg = Release|Any CPU
		{E215D531-C3C7-4C89-BAF5-F67F5FBB477E}.Release|Any CPU.Build.0 = Release|Any CPU
		{E9FA65F2-E203-4631-8BD0-FBE0341FED3E}.Debug|Any CPU.ActiveCfg = Debug|Any CPU
		{E9FA65F2-E203-4631-8BD0-FBE0341FED3E}.Debug|Any CPU.Build.0 = Debug|Any CPU
		{E9FA65F2-E203-4631-8BD0-FBE0341FED3E}.Release|Any CPU.ActiveCfg = Release|Any CPU
		{E9FA65F2-E203-4631-8BD0-FBE0341FED3E}.Release|Any CPU.Build.0 = Release|Any CPU
		{405514D7-707B-4C97-AE3B-D6A7244C08AA}.Debug|Any CPU.ActiveCfg = Debug|Any CPU
		{405514D7-707B-4C97-AE3B-D6A7244C08AA}.Debug|Any CPU.Build.0 = Debug|Any CPU
		{405514D7-707B-4C97-AE3B-D6A7244C08AA}.Release|Any CPU.ActiveCfg = Release|Any CPU
		{405514D7-707B-4C97-AE3B-D6A7244C08AA}.Release|Any CPU.Build.0 = Release|Any CPU
		{7E7F93A1-D843-4C37-A88E-852BFF4E669C}.Debug|Any CPU.ActiveCfg = Debug|Any CPU
		{7E7F93A1-D843-4C37-A88E-852BFF4E669C}.Debug|Any CPU.Build.0 = Debug|Any CPU
		{7E7F93A1-D843-4C37-A88E-852BFF4E669C}.Release|Any CPU.ActiveCfg = Release|Any CPU
		{7E7F93A1-D843-4C37-A88E-852BFF4E669C}.Release|Any CPU.Build.0 = Release|Any CPU
		{94EA4237-FEE1-489A-A008-DC8B9EE87E29}.Debug|Any CPU.ActiveCfg = Debug|Any CPU
		{94EA4237-FEE1-489A-A008-DC8B9EE87E29}.Debug|Any CPU.Build.0 = Debug|Any CPU
		{94EA4237-FEE1-489A-A008-DC8B9EE87E29}.Release|Any CPU.ActiveCfg = Release|Any CPU
		{94EA4237-FEE1-489A-A008-DC8B9EE87E29}.Release|Any CPU.Build.0 = Release|Any CPU
	EndGlobalSection
	GlobalSection(SolutionProperties) = preSolution
		HideSolutionNode = FALSE
	EndGlobalSection
	GlobalSection(NestedProjects) = preSolution
		{A252A476-0383-4C3F-A47F-6D0A4E25CED5} = {EBCA5824-F987-487D-A9FA-4D9604C77E62}
		{2DA3231C-63E6-4DA1-94C0-8F01E6D9EF3C} = {EBCA5824-F987-487D-A9FA-4D9604C77E62}
		{2364E52E-6FD6-4938-ACD4-087D58FAD5C3} = {EBCA5824-F987-487D-A9FA-4D9604C77E62}
		{7567D999-D447-48B8-B710-A5EF1F80A757} = {EBCA5824-F987-487D-A9FA-4D9604C77E62}
		{66BE3AE7-A508-4730-979D-708216E998CB} = {EBCA5824-F987-487D-A9FA-4D9604C77E62}
		{E9FA65F2-E203-4631-8BD0-FBE0341FED3E} = {EBCA5824-F987-487D-A9FA-4D9604C77E62}
		{D3E98827-43E8-438B-91E4-6701F7BBD355} = {6CED5A60-00E4-4D11-AFA2-4879335DC25A}
		{9965D0C5-51B8-42CE-B864-6C4E3E70EF60} = {6CED5A60-00E4-4D11-AFA2-4879335DC25A}
		{1AC2BCDA-BD25-453D-B397-15EE55F7EA37} = {6CED5A60-00E4-4D11-AFA2-4879335DC25A}
		{D9EFC75A-C322-46A8-9037-74DEA5B619BB} = {6CED5A60-00E4-4D11-AFA2-4879335DC25A}
		{EED72397-98E9-451A-AD19-9A562D653B23} = {6CED5A60-00E4-4D11-AFA2-4879335DC25A}
		{AA96EA9B-33F9-4569-8A7D-5662696B091D} = {6CED5A60-00E4-4D11-AFA2-4879335DC25A}
		{E215D531-C3C7-4C89-BAF5-F67F5FBB477E} = {D3E98827-43E8-438B-91E4-6701F7BBD355}
		{4157ED83-765A-48CD-B0FE-1068212EA9F9} = {9965D0C5-51B8-42CE-B864-6C4E3E70EF60}
		{94AC8D2A-DAB7-48F3-A1C4-396EB54F45EC} = {9965D0C5-51B8-42CE-B864-6C4E3E70EF60}
		{59CE6E6C-9EB3-4FDB-B0C9-6276DE3DD360} = {1AC2BCDA-BD25-453D-B397-15EE55F7EA37}
		{BE23AA33-83A0-4306-B3D1-0B131FDA5FD8} = {1AC2BCDA-BD25-453D-B397-15EE55F7EA37}
		{405514D7-707B-4C97-AE3B-D6A7244C08AA} = {D9EFC75A-C322-46A8-9037-74DEA5B619BB}
		{6A880F25-5241-4D75-BBA4-01367353F8D9} = {EED72397-98E9-451A-AD19-9A562D653B23}
		{6306F2DD-AA2E-4F08-8335-7CC9B5E6E735} = {EED72397-98E9-451A-AD19-9A562D653B23}
		{2F797964-681B-4BEA-AE4A-E90BB57E0056} = {3EB5B62E-78AA-4620-AB65-92EB2C67F7C4}
		{94F60353-03B6-4E5B-ADC6-8E818514E8E0} = {3EB5B62E-78AA-4620-AB65-92EB2C67F7C4}
		{490B96DC-9708-44FD-B044-A4706408D2F5} = {3EB5B62E-78AA-4620-AB65-92EB2C67F7C4}
		{D668A0CC-094F-428C-A08B-E20B55E7D5B5} = {2F797964-681B-4BEA-AE4A-E90BB57E0056}
		{C8A01EBF-41D2-4A2E-B135-64756FB356A1} = {94F60353-03B6-4E5B-ADC6-8E818514E8E0}
		{F8B405C7-AEF2-4CD7-A45E-F1E6BB999E8E} = {490B96DC-9708-44FD-B044-A4706408D2F5}
		{5C996F8A-F93C-4AF1-9715-E3433FFCD3B8} = {490B96DC-9708-44FD-B044-A4706408D2F5}
		{7E7F93A1-D843-4C37-A88E-852BFF4E669C} = {F8B405C7-AEF2-4CD7-A45E-F1E6BB999E8E}
		{94EA4237-FEE1-489A-A008-DC8B9EE87E29} = {5C996F8A-F93C-4AF1-9715-E3433FFCD3B8}
	EndGlobalSection
EndGlobal
